
Microsoft Visual Studio Solution File, Format Version 12.00
# Visual Studio Version 16
VisualStudioVersion = 16.0.31613.86
MinimumVisualStudioVersion = 10.0.40219.1
Project("{FAE04EC0-301F-11D3-BF4B-00C04F79EFBC}") = "AbsoluteSquaring", "Absolutesquaring\AbsoluteSquaring.csproj", "{78D82D5E-61FE-4F3D-83F4-82E0DFB9AA5E}"
EndProject
Global
	GlobalSection(SolutionConfigurationPlatforms) = preSolution
		Debug|Any CPU = Debug|Any CPU
		Release|Any CPU = Release|Any CPU
	EndGlobalSection
	GlobalSection(ProjectConfigurationPlatforms) = postSolution
		{78D82D5E-61FE-4F3D-83F4-82E0DFB9AA5E}.Debug|Any CPU.ActiveCfg = Debug|Any CPU
		{78D82D5E-61FE-4F3D-83F4-82E0DFB9AA5E}.Debug|Any CPU.Build.0 = Debug|Any CPU
		{78D82D5E-61FE-4F3D-83F4-82E0DFB9AA5E}.Release|Any CPU.ActiveCfg = Release|Any CPU
		{78D82D5E-61FE-4F3D-83F4-82E0DFB9AA5E}.Release|Any CPU.Build.0 = Release|Any CPU
	EndGlobalSection
	GlobalSection(SolutionProperties) = preSolution
		HideSolutionNode = FALSE
	EndGlobalSection
	GlobalSection(ExtensibilityGlobals) = postSolution
		SolutionGuid = {58026056-0630-4551-AAA8-E1207A4D5B8C}
	EndGlobalSection
EndGlobal
