
Microsoft Visual Studio Solution File, Format Version 12.00
# Visual Studio Version 16
VisualStudioVersion = 16.0.31613.86
MinimumVisualStudioVersion = 10.0.40219.1
Project("{FAE04EC0-301F-11D3-BF4B-00C04F79EFBC}") = "BarcodeGeneratorReader", "BarcodeGeneratorReader\BarcodeGeneratorReader.csproj", "{1355B385-29D6-4547-9F28-3F88B1734737}"
EndProject
Global
	GlobalSection(SolutionConfigurationPlatforms) = preSolution
		Debug|Any CPU = Debug|Any CPU
		Release|Any CPU = Release|Any CPU
	EndGlobalSection
	GlobalSection(ProjectConfigurationPlatforms) = postSolution
		{1355B385-29D6-4547-9F28-3F88B1734737}.Debug|Any CPU.ActiveCfg = Debug|Any CPU
		{1355B385-29D6-4547-9F28-3F88B1734737}.Debug|Any CPU.Build.0 = Debug|Any CPU
		{1355B385-29D6-4547-9F28-3F88B1734737}.Release|Any CPU.ActiveCfg = Release|Any CPU
		{1355B385-29D6-4547-9F28-3F88B1734737}.Release|Any CPU.Build.0 = Release|Any CPU
	EndGlobalSection
	GlobalSection(SolutionProperties) = preSolution
		HideSolutionNode = FALSE
	EndGlobalSection
	GlobalSection(ExtensibilityGlobals) = postSolution
		SolutionGuid = {BB007761-88DE-432A-927E-58505D3F7A1B}
	EndGlobalSection
EndGlobal
