
Microsoft Visual Studio Solution File, Format Version 12.00
# Visual Studio Version 16
VisualStudioVersion = 16.0.30907.101
MinimumVisualStudioVersion = 10.0.40219.1
Project("{FAE04EC0-301F-11D3-BF4B-00C04F79EFBC}") = "dizilerle_not_kaydetme_uygulamasi", "dizilerle_not_kaydetme_uygulamasi\dizilerle_not_kaydetme_uygulamasi.csproj", "{E471A353-6940-4F12-8234-E7D2378936D8}"
EndProject
Global
	GlobalSection(SolutionConfigurationPlatforms) = preSolution
		Debug|Any CPU = Debug|Any CPU
		Release|Any CPU = Release|Any CPU
	EndGlobalSection
	GlobalSection(ProjectConfigurationPlatforms) = postSolution
		{E471A353-6940-4F12-8234-E7D2378936D8}.Debug|Any CPU.ActiveCfg = Debug|Any CPU
		{E471A353-6940-4F12-8234-E7D2378936D8}.Debug|Any CPU.Build.0 = Debug|Any CPU
		{E471A353-6940-4F12-8234-E7D2378936D8}.Release|Any CPU.ActiveCfg = Release|Any CPU
		{E471A353-6940-4F12-8234-E7D2378936D8}.Release|Any CPU.Build.0 = Release|Any CPU
	EndGlobalSection
	GlobalSection(SolutionProperties) = preSolution
		HideSolutionNode = FALSE
	EndGlobalSection
	GlobalSection(ExtensibilityGlobals) = postSolution
		SolutionGuid = {D8641B6E-B2EA-47AB-89AF-AFB7E11487D0}
	EndGlobalSection
EndGlobal
