
Microsoft Visual Studio Solution File, Format Version 12.00
# Visual Studio Version 16
VisualStudioVersion = 16.0.30804.86
MinimumVisualStudioVersion = 10.0.40219.1
Project("{FAE04EC0-301F-11D3-BF4B-00C04F79EFBC}") = "metni_alt_alta_yazdirma_programi", "metni_alt_alta_yazdirma_programi\metni_alt_alta_yazdirma_programi.csproj", "{A95614B2-8630-4028-9AFE-E96A9B94A886}"
EndProject
Global
	GlobalSection(SolutionConfigurationPlatforms) = preSolution
		Debug|Any CPU = Debug|Any CPU
		Release|Any CPU = Release|Any CPU
	EndGlobalSection
	GlobalSection(ProjectConfigurationPlatforms) = postSolution
		{A95614B2-8630-4028-9AFE-E96A9B94A886}.Debug|Any CPU.ActiveCfg = Debug|Any CPU
		{A95614B2-8630-4028-9AFE-E96A9B94A886}.Debug|Any CPU.Build.0 = Debug|Any CPU
		{A95614B2-8630-4028-9AFE-E96A9B94A886}.Release|Any CPU.ActiveCfg = Release|Any CPU
		{A95614B2-8630-4028-9AFE-E96A9B94A886}.Release|Any CPU.Build.0 = Release|Any CPU
	EndGlobalSection
	GlobalSection(SolutionProperties) = preSolution
		HideSolutionNode = FALSE
	EndGlobalSection
	GlobalSection(ExtensibilityGlobals) = postSolution
		SolutionGuid = {3BB14D75-2CA2-432F-9C26-CEB641206D48}
	EndGlobalSection
EndGlobal
