
Microsoft Visual Studio Solution File, Format Version 12.00
# Visual Studio Version 16
VisualStudioVersion = 16.0.31424.327
MinimumVisualStudioVersion = 10.0.40219.1
Project("{FAE04EC0-301F-11D3-BF4B-00C04F79EFBC}") = "ClassDemo", "ClassDemo\ClassDemo.csproj", "{C68795F4-F6C1-49A8-89C6-C3AF97E72A37}"
EndProject
Global
	GlobalSection(SolutionConfigurationPlatforms) = preSolution
		Debug|Any CPU = Debug|Any CPU
		Release|Any CPU = Release|Any CPU
	EndGlobalSection
	GlobalSection(ProjectConfigurationPlatforms) = postSolution
		{C68795F4-F6C1-49A8-89C6-C3AF97E72A37}.Debug|Any CPU.ActiveCfg = Debug|Any CPU
		{C68795F4-F6C1-49A8-89C6-C3AF97E72A37}.Debug|Any CPU.Build.0 = Debug|Any CPU
		{C68795F4-F6C1-49A8-89C6-C3AF97E72A37}.Release|Any CPU.ActiveCfg = Release|Any CPU
		{C68795F4-F6C1-49A8-89C6-C3AF97E72A37}.Release|Any CPU.Build.0 = Release|Any CPU
	EndGlobalSection
	GlobalSection(SolutionProperties) = preSolution
		HideSolutionNode = FALSE
	EndGlobalSection
	GlobalSection(ExtensibilityGlobals) = postSolution
		SolutionGuid = {C402A469-5259-4F5E-9D47-1F2D16CC417B}
	EndGlobalSection
EndGlobal
