
Microsoft Visual Studio Solution File, Format Version 12.00
# Visual Studio Version 16
VisualStudioVersion = 16.0.30907.101
MinimumVisualStudioVersion = 10.0.40219.1
Project("{FAE04EC0-301F-11D3-BF4B-00C04F79EFBC}") = "kendi_metodumu_olusturdum", "kendi_metodumu_olusturdum\kendi_metodumu_olusturdum.csproj", "{031F4DEB-AAAA-48F3-93C1-82BE50276B71}"
EndProject
Global
	GlobalSection(SolutionConfigurationPlatforms) = preSolution
		Debug|Any CPU = Debug|Any CPU
		Release|Any CPU = Release|Any CPU
	EndGlobalSection
	GlobalSection(ProjectConfigurationPlatforms) = postSolution
		{031F4DEB-AAAA-48F3-93C1-82BE50276B71}.Debug|Any CPU.ActiveCfg = Debug|Any CPU
		{031F4DEB-AAAA-48F3-93C1-82BE50276B71}.Debug|Any CPU.Build.0 = Debug|Any CPU
		{031F4DEB-AAAA-48F3-93C1-82BE50276B71}.Release|Any CPU.ActiveCfg = Release|Any CPU
		{031F4DEB-AAAA-48F3-93C1-82BE50276B71}.Release|Any CPU.Build.0 = Release|Any CPU
	EndGlobalSection
	GlobalSection(SolutionProperties) = preSolution
		HideSolutionNode = FALSE
	EndGlobalSection
	GlobalSection(ExtensibilityGlobals) = postSolution
		SolutionGuid = {4A2A6C5D-FC19-434E-AFF2-11E73C8BEF98}
	EndGlobalSection
EndGlobal
