
Microsoft Visual Studio Solution File, Format Version 12.00
# Visual Studio Version 16
VisualStudioVersion = 16.0.31613.86
MinimumVisualStudioVersion = 10.0.40219.1
Project("{FAE04EC0-301F-11D3-BF4B-00C04F79EFBC}") = "Fibonacci", "Fibonacci\Fibonacci.csproj", "{2709D03D-D3C1-4BE3-80FD-43E7EE2BAABE}"
EndProject
Global
	GlobalSection(SolutionConfigurationPlatforms) = preSolution
		Debug|Any CPU = Debug|Any CPU
		Release|Any CPU = Release|Any CPU
	EndGlobalSection
	GlobalSection(ProjectConfigurationPlatforms) = postSolution
		{2709D03D-D3C1-4BE3-80FD-43E7EE2BAABE}.Debug|Any CPU.ActiveCfg = Debug|Any CPU
		{2709D03D-D3C1-4BE3-80FD-43E7EE2BAABE}.Debug|Any CPU.Build.0 = Debug|Any CPU
		{2709D03D-D3C1-4BE3-80FD-43E7EE2BAABE}.Release|Any CPU.ActiveCfg = Release|Any CPU
		{2709D03D-D3C1-4BE3-80FD-43E7EE2BAABE}.Release|Any CPU.Build.0 = Release|Any CPU
	EndGlobalSection
	GlobalSection(SolutionProperties) = preSolution
		HideSolutionNode = FALSE
	EndGlobalSection
	GlobalSection(ExtensibilityGlobals) = postSolution
		SolutionGuid = {4B199DD4-EBB2-49A6-931D-A24FE962FFFE}
	EndGlobalSection
EndGlobal
