
Microsoft Visual Studio Solution File, Format Version 12.00
# Visual Studio Version 16
VisualStudioVersion = 16.0.31424.327
MinimumVisualStudioVersion = 10.0.40219.1
Project("{FAE04EC0-301F-11D3-BF4B-00C04F79EFBC}") = "EnumExample", "EnumExample\EnumExample.csproj", "{24A68AB9-AF4F-429F-8F78-4A81A6299B45}"
EndProject
Global
	GlobalSection(SolutionConfigurationPlatforms) = preSolution
		Debug|Any CPU = Debug|Any CPU
		Release|Any CPU = Release|Any CPU
	EndGlobalSection
	GlobalSection(ProjectConfigurationPlatforms) = postSolution
		{24A68AB9-AF4F-429F-8F78-4A81A6299B45}.Debug|Any CPU.ActiveCfg = Debug|Any CPU
		{24A68AB9-AF4F-429F-8F78-4A81A6299B45}.Debug|Any CPU.Build.0 = Debug|Any CPU
		{24A68AB9-AF4F-429F-8F78-4A81A6299B45}.Release|Any CPU.ActiveCfg = Release|Any CPU
		{24A68AB9-AF4F-429F-8F78-4A81A6299B45}.Release|Any CPU.Build.0 = Release|Any CPU
	EndGlobalSection
	GlobalSection(SolutionProperties) = preSolution
		HideSolutionNode = FALSE
	EndGlobalSection
	GlobalSection(ExtensibilityGlobals) = postSolution
		SolutionGuid = {7A4EEE61-7F99-484E-8550-8849D8A1C805}
	EndGlobalSection
EndGlobal
