
Microsoft Visual Studio Solution File, Format Version 12.00
# Visual Studio Version 16
VisualStudioVersion = 16.0.31424.327
MinimumVisualStudioVersion = 10.0.40219.1
Project("{FAE04EC0-301F-11D3-BF4B-00C04F79EFBC}") = "ShapeApp", "ShapeApp\ShapeApp.csproj", "{F9B7A163-B1D7-4A76-B935-51AEF38C300A}"
EndProject
Global
	GlobalSection(SolutionConfigurationPlatforms) = preSolution
		Debug|Any CPU = Debug|Any CPU
		Release|Any CPU = Release|Any CPU
	EndGlobalSection
	GlobalSection(ProjectConfigurationPlatforms) = postSolution
		{F9B7A163-B1D7-4A76-B935-51AEF38C300A}.Debug|Any CPU.ActiveCfg = Debug|Any CPU
		{F9B7A163-B1D7-4A76-B935-51AEF38C300A}.Debug|Any CPU.Build.0 = Debug|Any CPU
		{F9B7A163-B1D7-4A76-B935-51AEF38C300A}.Release|Any CPU.ActiveCfg = Release|Any CPU
		{F9B7A163-B1D7-4A76-B935-51AEF38C300A}.Release|Any CPU.Build.0 = Release|Any CPU
	EndGlobalSection
	GlobalSection(SolutionProperties) = preSolution
		HideSolutionNode = FALSE
	EndGlobalSection
	GlobalSection(ExtensibilityGlobals) = postSolution
		SolutionGuid = {A2BF2ADE-B3D7-41DC-A2C1-14FD5A163AE6}
	EndGlobalSection
EndGlobal
