
Microsoft Visual Studio Solution File, Format Version 12.00
# Visual Studio Version 16
VisualStudioVersion = 16.0.31005.135
MinimumVisualStudioVersion = 10.0.40219.1
Project("{FAE04EC0-301F-11D3-BF4B-00C04F79EFBC}") = "HesapMakinesi", "HesapMakinesi\HesapMakinesi.csproj", "{DC7A5780-05D3-44AB-A331-293B81A07159}"
EndProject
Global
	GlobalSection(SolutionConfigurationPlatforms) = preSolution
		Debug|Any CPU = Debug|Any CPU
		Release|Any CPU = Release|Any CPU
	EndGlobalSection
	GlobalSection(ProjectConfigurationPlatforms) = postSolution
		{DC7A5780-05D3-44AB-A331-293B81A07159}.Debug|Any CPU.ActiveCfg = Debug|Any CPU
		{DC7A5780-05D3-44AB-A331-293B81A07159}.Debug|Any CPU.Build.0 = Debug|Any CPU
		{DC7A5780-05D3-44AB-A331-293B81A07159}.Release|Any CPU.ActiveCfg = Release|Any CPU
		{DC7A5780-05D3-44AB-A331-293B81A07159}.Release|Any CPU.Build.0 = Release|Any CPU
	EndGlobalSection
	GlobalSection(SolutionProperties) = preSolution
		HideSolutionNode = FALSE
	EndGlobalSection
	GlobalSection(ExtensibilityGlobals) = postSolution
		SolutionGuid = {79653D15-F424-4646-9E09-5860F6B509CC}
	EndGlobalSection
EndGlobal
