
Microsoft Visual Studio Solution File, Format Version 12.00
# Visual Studio Version 16
VisualStudioVersion = 16.0.31613.86
MinimumVisualStudioVersion = 10.0.40219.1
Project("{FAE04EC0-301F-11D3-BF4B-00C04F79EFBC}") = "Algorithm", "Algorithm\Algorithm.csproj", "{08D97C78-DAF0-44F8-9441-C40C68BAFCB0}"
EndProject
Global
	GlobalSection(SolutionConfigurationPlatforms) = preSolution
		Debug|Any CPU = Debug|Any CPU
		Release|Any CPU = Release|Any CPU
	EndGlobalSection
	GlobalSection(ProjectConfigurationPlatforms) = postSolution
		{08D97C78-DAF0-44F8-9441-C40C68BAFCB0}.Debug|Any CPU.ActiveCfg = Debug|Any CPU
		{08D97C78-DAF0-44F8-9441-C40C68BAFCB0}.Debug|Any CPU.Build.0 = Debug|Any CPU
		{08D97C78-DAF0-44F8-9441-C40C68BAFCB0}.Release|Any CPU.ActiveCfg = Release|Any CPU
		{08D97C78-DAF0-44F8-9441-C40C68BAFCB0}.Release|Any CPU.Build.0 = Release|Any CPU
	EndGlobalSection
	GlobalSection(SolutionProperties) = preSolution
		HideSolutionNode = FALSE
	EndGlobalSection
	GlobalSection(ExtensibilityGlobals) = postSolution
		SolutionGuid = {E5093C4F-9705-46B8-8D84-A80242D42F1E}
	EndGlobalSection
EndGlobal
