
Microsoft Visual Studio Solution File, Format Version 12.00
# Visual Studio Version 16
VisualStudioVersion = 16.0.30804.86
MinimumVisualStudioVersion = 10.0.40219.1
Project("{FAE04EC0-301F-11D3-BF4B-00C04F79EFBC}") = "sayi_karsilastirma", "sayi_karsilastirma\sayi_karsilastirma.csproj", "{B67BA83A-8387-46B0-A7CF-32CE86AA065E}"
EndProject
Global
	GlobalSection(SolutionConfigurationPlatforms) = preSolution
		Debug|Any CPU = Debug|Any CPU
		Release|Any CPU = Release|Any CPU
	EndGlobalSection
	GlobalSection(ProjectConfigurationPlatforms) = postSolution
		{B67BA83A-8387-46B0-A7CF-32CE86AA065E}.Debug|Any CPU.ActiveCfg = Debug|Any CPU
		{B67BA83A-8387-46B0-A7CF-32CE86AA065E}.Debug|Any CPU.Build.0 = Debug|Any CPU
		{B67BA83A-8387-46B0-A7CF-32CE86AA065E}.Release|Any CPU.ActiveCfg = Release|Any CPU
		{B67BA83A-8387-46B0-A7CF-32CE86AA065E}.Release|Any CPU.Build.0 = Release|Any CPU
	EndGlobalSection
	GlobalSection(SolutionProperties) = preSolution
		HideSolutionNode = FALSE
	EndGlobalSection
	GlobalSection(ExtensibilityGlobals) = postSolution
		SolutionGuid = {F3870028-DF84-42C1-9918-81C234B3E227}
	EndGlobalSection
EndGlobal
