
Microsoft Visual Studio Solution File, Format Version 12.00
# Visual Studio Version 16
VisualStudioVersion = 16.0.31005.135
MinimumVisualStudioVersion = 10.0.40219.1
Project("{FAE04EC0-301F-11D3-BF4B-00C04F79EFBC}") = "BankCreditProject", "BankCreditProject\BankCreditProject.csproj", "{29DFDBFD-E4AB-4360-80BE-98864CA00272}"
EndProject
Global
	GlobalSection(SolutionConfigurationPlatforms) = preSolution
		Debug|Any CPU = Debug|Any CPU
		Release|Any CPU = Release|Any CPU
	EndGlobalSection
	GlobalSection(ProjectConfigurationPlatforms) = postSolution
		{29DFDBFD-E4AB-4360-80BE-98864CA00272}.Debug|Any CPU.ActiveCfg = Debug|Any CPU
		{29DFDBFD-E4AB-4360-80BE-98864CA00272}.Debug|Any CPU.Build.0 = Debug|Any CPU
		{29DFDBFD-E4AB-4360-80BE-98864CA00272}.Release|Any CPU.ActiveCfg = Release|Any CPU
		{29DFDBFD-E4AB-4360-80BE-98864CA00272}.Release|Any CPU.Build.0 = Release|Any CPU
	EndGlobalSection
	GlobalSection(SolutionProperties) = preSolution
		HideSolutionNode = FALSE
	EndGlobalSection
	GlobalSection(ExtensibilityGlobals) = postSolution
		SolutionGuid = {09CA96AF-6894-4AE9-94C0-46D033C15FA9}
	EndGlobalSection
EndGlobal
