
Microsoft Visual Studio Solution File, Format Version 12.00
# Visual Studio Version 16
VisualStudioVersion = 16.0.30804.86
MinimumVisualStudioVersion = 10.0.40219.1
Project("{FAE04EC0-301F-11D3-BF4B-00C04F79EFBC}") = "dikdörtgen çevre ve alan hesaplama", "dikdörtgen çevre ve alan hesaplama\dikdörtgen çevre ve alan hesaplama.csproj", "{D3F3CC64-5A2E-4631-9291-C0145100764B}"
EndProject
Global
	GlobalSection(SolutionConfigurationPlatforms) = preSolution
		Debug|Any CPU = Debug|Any CPU
		Release|Any CPU = Release|Any CPU
	EndGlobalSection
	GlobalSection(ProjectConfigurationPlatforms) = postSolution
		{D3F3CC64-5A2E-4631-9291-C0145100764B}.Debug|Any CPU.ActiveCfg = Debug|Any CPU
		{D3F3CC64-5A2E-4631-9291-C0145100764B}.Debug|Any CPU.Build.0 = Debug|Any CPU
		{D3F3CC64-5A2E-4631-9291-C0145100764B}.Release|Any CPU.ActiveCfg = Release|Any CPU
		{D3F3CC64-5A2E-4631-9291-C0145100764B}.Release|Any CPU.Build.0 = Release|Any CPU
	EndGlobalSection
	GlobalSection(SolutionProperties) = preSolution
		HideSolutionNode = FALSE
	EndGlobalSection
	GlobalSection(ExtensibilityGlobals) = postSolution
		SolutionGuid = {10A990E6-D9DE-4C4A-9CFA-F381669B8250}
	EndGlobalSection
EndGlobal
