
Microsoft Visual Studio Solution File, Format Version 12.00
# Visual Studio Version 16
VisualStudioVersion = 16.0.31613.86
MinimumVisualStudioVersion = 10.0.40219.1
Project("{FAE04EC0-301F-11D3-BF4B-00C04F79EFBC}") = "AreaCalculation", "AreaCalculation\AreaCalculation.csproj", "{8C8CCA47-FBFD-43E7-A2E7-F2B6AB9419F9}"
EndProject
Global
	GlobalSection(SolutionConfigurationPlatforms) = preSolution
		Debug|Any CPU = Debug|Any CPU
		Release|Any CPU = Release|Any CPU
	EndGlobalSection
	GlobalSection(ProjectConfigurationPlatforms) = postSolution
		{8C8CCA47-FBFD-43E7-A2E7-F2B6AB9419F9}.Debug|Any CPU.ActiveCfg = Debug|Any CPU
		{8C8CCA47-FBFD-43E7-A2E7-F2B6AB9419F9}.Debug|Any CPU.Build.0 = Debug|Any CPU
		{8C8CCA47-FBFD-43E7-A2E7-F2B6AB9419F9}.Release|Any CPU.ActiveCfg = Release|Any CPU
		{8C8CCA47-FBFD-43E7-A2E7-F2B6AB9419F9}.Release|Any CPU.Build.0 = Release|Any CPU
	EndGlobalSection
	GlobalSection(SolutionProperties) = preSolution
		HideSolutionNode = FALSE
	EndGlobalSection
	GlobalSection(ExtensibilityGlobals) = postSolution
		SolutionGuid = {CF2F43BB-2AEC-4128-8DD9-C763120F5557}
	EndGlobalSection
EndGlobal
